
Microsoft Visual Studio Solution File, Format Version 12.00
# Visual Studio Version 16
VisualStudioVersion = 16.0.30104.148
MinimumVisualStudioVersion = 10.0.40219.1
Project("{8BC9CEB8-8B4A-11D0-8D11-00A0C91BC942}") = "Tetris", "Tetris.vcxproj", "{BC0C6984-6CCD-47A4-A778-62F369A44AB0}"
EndProject
Global
	GlobalSection(SolutionConfigurationPlatforms) = preSolution
		Debug|x64 = Debug|x64
		Debug|x86 = Debug|x86
		Release|x64 = Release|x64
		Release|x86 = Release|x86
	EndGlobalSection
	GlobalSection(ProjectConfigurationPlatforms) = postSolution
		{BC0C6984-6CCD-47A4-A778-62F369A44AB0}.Debug|x64.ActiveCfg = Debug|x64
		{BC0C6984-6CCD-47A4-A778-62F369A44AB0}.Debug|x64.Build.0 = Debug|x64
		{BC0C6984-6CCD-47A4-A778-62F369A44AB0}.Debug|x86.ActiveCfg = Debug|Win32
		{BC0C6984-6CCD-47A4-A778-62F369A44AB0}.Debug|x86.Build.0 = Debug|Win32
		{BC0C6984-6CCD-47A4-A778-62F369A44AB0}.Release|x64.ActiveCfg = Release|x64
		{BC0C6984-6CCD-47A4-A778-62F369A44AB0}.Release|x64.Build.0 = Release|x64
		{BC0C6984-6CCD-47A4-A778-62F369A44AB0}.Release|x86.ActiveCfg = Release|Win32
		{BC0C6984-6CCD-47A4-A778-62F369A44AB0}.Release|x86.Build.0 = Release|Win32
	EndGlobalSection
	GlobalSection(SolutionProperties) = preSolution
		HideSolutionNode = FALSE
	EndGlobalSection
	GlobalSection(ExtensibilityGlobals) = postSolution
		SolutionGuid = {937ADE42-8A85-4932-9D5A-6589B5E61EC4}
	EndGlobalSection
EndGlobal
